
Microsoft Visual Studio Solution File, Format Version 12.00
# Visual Studio Version 16
VisualStudioVersion = 16.0.32126.315
MinimumVisualStudioVersion = 10.0.40219.1
Project("{FAE04EC0-301F-11D3-BF4B-00C04F79EFBC}") = "lab 2", "lab 2\lab 2.csproj", "{B0DDCA11-A20C-4568-BA92-C573F16B4B46}"
EndProject
Global
	GlobalSection(SolutionConfigurationPlatforms) = preSolution
		Debug|Any CPU = Debug|Any CPU
		Release|Any CPU = Release|Any CPU
	EndGlobalSection
	GlobalSection(ProjectConfigurationPlatforms) = postSolution
		{B0DDCA11-A20C-4568-BA92-C573F16B4B46}.Debug|Any CPU.ActiveCfg = Debug|Any CPU
		{B0DDCA11-A20C-4568-BA92-C573F16B4B46}.Debug|Any CPU.Build.0 = Debug|Any CPU
		{B0DDCA11-A20C-4568-BA92-C573F16B4B46}.Release|Any CPU.ActiveCfg = Release|Any CPU
		{B0DDCA11-A20C-4568-BA92-C573F16B4B46}.Release|Any CPU.Build.0 = Release|Any CPU
	EndGlobalSection
	GlobalSection(SolutionProperties) = preSolution
		HideSolutionNode = FALSE
	EndGlobalSection
	GlobalSection(ExtensibilityGlobals) = postSolution
		SolutionGuid = {9242B0C1-C96F-47F5-9E0C-7562BF08D63B}
	EndGlobalSection
EndGlobal
